
Microsoft Visual Studio Solution File, Format Version 12.00
# Visual Studio Express 2013 for Windows Desktop
VisualStudioVersion = 12.0.21005.1
MinimumVisualStudioVersion = 10.0.40219.1
Project("{2150E333-8FDC-42A3-9474-1A3956D46DE8}") = "Rules", "Rules", "{7AECA932-F2A4-4B4B-8946-BAC2E13836ED}"
	ProjectSection(SolutionItems) = preProject
		rules\rules.xml = rules\rules.xml
	EndProjectSection
EndProject
Project("{FAE04EC0-301F-11D3-BF4B-00C04F79EFBC}") = "Gendarme.Rules.Performance", "rules\Gendarme.Rules.Performance\Gendarme.Rules.Performance.csproj", "{7A8D4AE7-66FA-42E0-BDCB-400D8E0ECFA6}"
EndProject
Project("{FAE04EC0-301F-11D3-BF4B-00C04F79EFBC}") = "Gendarme.Rules.Security", "rules\Gendarme.Rules.Security\Gendarme.Rules.Security.csproj", "{DBA3E375-ADF4-4CA3-880F-AF02DD8D5E7E}"
EndProject
Project("{FAE04EC0-301F-11D3-BF4B-00C04F79EFBC}") = "Gendarme.Rules.Portability", "rules\Gendarme.Rules.Portability\Gendarme.Rules.Portability.csproj", "{3A220513-3E53-4E13-B25D-2202F79B4C47}"
EndProject
Project("{FAE04EC0-301F-11D3-BF4B-00C04F79EFBC}") = "Gendarme.Rules.Exceptions", "rules\Gendarme.Rules.Exceptions\Gendarme.Rules.Exceptions.csproj", "{BDDBA1F9-061B-45BE-86B5-98571F7B0383}"
EndProject
Project("{FAE04EC0-301F-11D3-BF4B-00C04F79EFBC}") = "Gendarme.Rules.Correctness", "rules\Gendarme.Rules.Correctness\Gendarme.Rules.Correctness.csproj", "{732905E1-1FD4-403A-93DD-EC4CF120091E}"
EndProject
Project("{FAE04EC0-301F-11D3-BF4B-00C04F79EFBC}") = "Gendarme.Rules.Concurrency", "rules\Gendarme.Rules.Concurrency\Gendarme.Rules.Concurrency.csproj", "{B8EA91A3-27A0-4732-BA90-7B590280FF9F}"
EndProject
Project("{FAE04EC0-301F-11D3-BF4B-00C04F79EFBC}") = "Gendarme.Rules.Ui", "rules\Gendarme.Rules.Ui\Gendarme.Rules.Ui.csproj", "{949C4D51-4581-402A-AC18-B1B41F395FDA}"
EndProject
Project("{FAE04EC0-301F-11D3-BF4B-00C04F79EFBC}") = "Gendarme.Rules.BadPractice", "rules\Gendarme.Rules.BadPractice\Gendarme.Rules.BadPractice.csproj", "{7FF6D373-551E-4C6B-98FA-D1D883FD2502}"
EndProject
Project("{FAE04EC0-301F-11D3-BF4B-00C04F79EFBC}") = "Gendarme.Rules.Design", "rules\Gendarme.Rules.Design\Gendarme.Rules.Design.csproj", "{FC889577-F51A-469C-9F30-E967504E9E24}"
EndProject
Project("{FAE04EC0-301F-11D3-BF4B-00C04F79EFBC}") = "Gendarme.Rules.Interoperability", "rules\Gendarme.Rules.Interoperability\Gendarme.Rules.Interoperability.csproj", "{C0E9997F-EA91-4C7A-9702-5F8215574BCA}"
EndProject
Project("{FAE04EC0-301F-11D3-BF4B-00C04F79EFBC}") = "Gendarme.Rules.Naming", "rules\Gendarme.Rules.Naming\Gendarme.Rules.Naming.csproj", "{C57E2A54-3BBF-49D7-B3E5-688EE1F63250}"
EndProject
Project("{FAE04EC0-301F-11D3-BF4B-00C04F79EFBC}") = "Gendarme.Rules.Smells", "rules\Gendarme.Rules.Smells\Gendarme.Rules.Smells.csproj", "{CC7BB0B5-094F-42F9-9CE7-1C33EF2B8A20}"
EndProject
Project("{FAE04EC0-301F-11D3-BF4B-00C04F79EFBC}") = "Gendarme.Rules.Serialization", "rules\Gendarme.Rules.Serialization\Gendarme.Rules.Serialization.csproj", "{44885D5E-B99D-4C56-BC85-F652F11DABDC}"
EndProject
Project("{FAE04EC0-301F-11D3-BF4B-00C04F79EFBC}") = "Gendarme.Rules.Maintainability", "rules\Gendarme.Rules.Maintainability\Gendarme.Rules.Maintainability.csproj", "{8DB890C9-F9B7-4BEA-9ADE-EF32391363C2}"
EndProject
Project("{FAE04EC0-301F-11D3-BF4B-00C04F79EFBC}") = "Gendarme.Rules.Design.Generic", "rules\Gendarme.Rules.Design.Generic\Gendarme.Rules.Design.Generic.csproj", "{5446570C-A304-418D-B908-91ADA51E4F00}"
EndProject
Project("{FAE04EC0-301F-11D3-BF4B-00C04F79EFBC}") = "Gendarme.Rules.Design.Linq", "rules\Gendarme.Rules.Design.Linq\Gendarme.Rules.Design.Linq.csproj", "{EEC7B836-DB9D-4CB3-9829-53C223C9411F}"
EndProject
Project("{FAE04EC0-301F-11D3-BF4B-00C04F79EFBC}") = "Gendarme.Rules.Security.Cas", "rules\Gendarme.Rules.Security.Cas\Gendarme.Rules.Security.Cas.csproj", "{237A273E-BCAF-42DB-9DE5-1697B016C648}"
EndProject
Project("{FAE04EC0-301F-11D3-BF4B-00C04F79EFBC}") = "Gendarme.Rules.Interoperability.Com", "rules\Gendarme.Rules.Interoperability.Com\Gendarme.Rules.Interoperability.Com.csproj", "{468F7043-C0D5-480F-88A1-A262EC324E5E}"
EndProject
Project("{FAE04EC0-301F-11D3-BF4B-00C04F79EFBC}") = "Gendarme.Rules.Globalization", "rules\Gendarme.Rules.Globalization\Gendarme.Rules.Globalization.csproj", "{5D883285-903D-4FDB-9ED9-AB37AE9648F7}"
EndProject
Project("{FAE04EC0-301F-11D3-BF4B-00C04F79EFBC}") = "Gendarme.Rules.NUnit", "rules\Gendarme.Rules.NUnit\Gendarme.Rules.NUnit.csproj", "{54625746-D966-4BC2-A465-8F0928A767E6}"
EndProject
Project("{FAE04EC0-301F-11D3-BF4B-00C04F79EFBC}") = "Gendarme.Rules.Gendarme", "rules\Gendarme.Rules.Gendarme\Gendarme.Rules.Gendarme.csproj", "{619CDBD4-D89E-47E1-9A82-0F194A665D48}"
EndProject
Project("{FAE04EC0-301F-11D3-BF4B-00C04F79EFBC}") = "Unity.Rules.Performance", "rules\Unity.Rules.Performance\Unity.Rules.Performance.csproj", "{09CEA6B9-ABF3-419F-801D-F2F0B6375899}"
EndProject
Project("{FAE04EC0-301F-11D3-BF4B-00C04F79EFBC}") = "Unity.Rules.Maintainability", "rules\Unity.Rules.Maintainability\Unity.Rules.Maintainability.csproj", "{DEE05772-9951-48E4-B27A-2E671CECD331}"
EndProject
Project("{2150E333-8FDC-42A3-9474-1A3956D46DE8}") = "Cecil", "Cecil", "{10772645-2837-44B1-9CFA-51A0A5CAC635}"
EndProject
Project("{FAE04EC0-301F-11D3-BF4B-00C04F79EFBC}") = "Mono.Cecil", "..\..\cecil\Mono.Cecil.csproj", "{D68133BD-1E63-496E-9EDE-4FBDBF77B486}"
EndProject
Project("{FAE04EC0-301F-11D3-BF4B-00C04F79EFBC}") = "Mono.Cecil.Pdb", "..\..\cecil\symbols\pdb\Mono.Cecil.Pdb.csproj", "{63E6915C-7EA4-4D76-AB28-0D7191EEA626}"
EndProject
Project("{FAE04EC0-301F-11D3-BF4B-00C04F79EFBC}") = "Mono.Cecil.Mdb", "..\..\cecil\symbols\mdb\Mono.Cecil.Mdb.csproj", "{8559DD7F-A16F-46D0-A05A-9139FAEBA8FD}"
EndProject
Project("{2150E333-8FDC-42A3-9474-1A3956D46DE8}") = "Solution Items", "Solution Items", "{C8664DD7-3314-4932-ADA1-384C62568B59}"
	ProjectSection(SolutionItems) = preProject
		AssemblyInfo.cs.in = AssemblyInfo.cs.in
		AUTHORS = AUTHORS
		ChangeLog = ChangeLog
		MIT.X11 = MIT.X11
		NEWS = NEWS
		README = README
		TODO = TODO
	EndProjectSection
EndProject
Project("{2150E333-8FDC-42A3-9474-1A3956D46DE8}") = "Tools", "Tools", "{A208E677-6A00-4F5C-A15B-5CCA90AB78FF}"
EndProject
Project("{2150E333-8FDC-42A3-9474-1A3956D46DE8}") = "supported", "supported", "{78A9515B-5113-43D0-B6F9-A487F3BA1DB2}"
EndProject
Project("{FAE04EC0-301F-11D3-BF4B-00C04F79EFBC}") = "gd2i", "tools\supported\gd2i\gd2i.csproj", "{627AA224-D043-4CF4-A783-72546E6ACFDD}"
EndProject
Project("{2150E333-8FDC-42A3-9474-1A3956D46DE8}") = "unsupported", "unsupported", "{BB2299A8-2C5F-4EFF-A9D9-3B84CB72D0CE}"
EndProject
Project("{FAE04EC0-301F-11D3-BF4B-00C04F79EFBC}") = "xmldoc2wiki", "tools\unsupported\xmldoc2wiki\xmldoc2wiki.csproj", "{AF174688-A979-4B3C-BE21-1C1BE8A0358E}"
EndProject
Project("{FAE04EC0-301F-11D3-BF4B-00C04F79EFBC}") = "typeref", "tools\unsupported\typeref\typeref.csproj", "{2262381F-297D-4AC7-8509-91DBF2429EB9}"
EndProject
Project("{FAE04EC0-301F-11D3-BF4B-00C04F79EFBC}") = "gendarme", "console\gendarme.csproj", "{E95A3AB9-A303-4859-8BCA-458C79496548}"
EndProject
Project("{FAE04EC0-301F-11D3-BF4B-00C04F79EFBC}") = "Gendarme.Framework", "framework\Gendarme.Framework.csproj", "{CD6818D5-B398-486C-B180-92A07B143AFD}"
EndProject
Project("{FAE04EC0-301F-11D3-BF4B-00C04F79EFBC}") = "swf-wizard-runner", "swf-wizard-runner\swf-wizard-runner.csproj", "{3C44DF79-3FEA-4F1D-8568-8744AD92E3F9}"
EndProject
Global
	GlobalSection(SolutionConfigurationPlatforms) = preSolution
		Debug|Any CPU = Debug|Any CPU
		net_4_0_Debug|Any CPU = net_4_0_Debug|Any CPU
		net_4_0_Release|Any CPU = net_4_0_Release|Any CPU
		Release|Any CPU = Release|Any CPU
	EndGlobalSection
	GlobalSection(ProjectConfigurationPlatforms) = postSolution
		{7A8D4AE7-66FA-42E0-BDCB-400D8E0ECFA6}.Debug|Any CPU.ActiveCfg = Debug|Any CPU
		{7A8D4AE7-66FA-42E0-BDCB-400D8E0ECFA6}.Debug|Any CPU.Build.0 = Debug|Any CPU
		{7A8D4AE7-66FA-42E0-BDCB-400D8E0ECFA6}.net_4_0_Debug|Any CPU.ActiveCfg = Debug|Any CPU
		{7A8D4AE7-66FA-42E0-BDCB-400D8E0ECFA6}.net_4_0_Debug|Any CPU.Build.0 = Debug|Any CPU
		{7A8D4AE7-66FA-42E0-BDCB-400D8E0ECFA6}.net_4_0_Release|Any CPU.ActiveCfg = Release|Any CPU
		{7A8D4AE7-66FA-42E0-BDCB-400D8E0ECFA6}.net_4_0_Release|Any CPU.Build.0 = Release|Any CPU
		{7A8D4AE7-66FA-42E0-BDCB-400D8E0ECFA6}.Release|Any CPU.ActiveCfg = Release|Any CPU
		{7A8D4AE7-66FA-42E0-BDCB-400D8E0ECFA6}.Release|Any CPU.Build.0 = Release|Any CPU
		{DBA3E375-ADF4-4CA3-880F-AF02DD8D5E7E}.Debug|Any CPU.ActiveCfg = Debug|Any CPU
		{DBA3E375-ADF4-4CA3-880F-AF02DD8D5E7E}.Debug|Any CPU.Build.0 = Debug|Any CPU
		{DBA3E375-ADF4-4CA3-880F-AF02DD8D5E7E}.net_4_0_Debug|Any CPU.ActiveCfg = Debug|Any CPU
		{DBA3E375-ADF4-4CA3-880F-AF02DD8D5E7E}.net_4_0_Debug|Any CPU.Build.0 = Debug|Any CPU
		{DBA3E375-ADF4-4CA3-880F-AF02DD8D5E7E}.net_4_0_Release|Any CPU.ActiveCfg = Release|Any CPU
		{DBA3E375-ADF4-4CA3-880F-AF02DD8D5E7E}.net_4_0_Release|Any CPU.Build.0 = Release|Any CPU
		{DBA3E375-ADF4-4CA3-880F-AF02DD8D5E7E}.Release|Any CPU.ActiveCfg = Release|Any CPU
		{DBA3E375-ADF4-4CA3-880F-AF02DD8D5E7E}.Release|Any CPU.Build.0 = Release|Any CPU
		{3A220513-3E53-4E13-B25D-2202F79B4C47}.Debug|Any CPU.ActiveCfg = Debug|Any CPU
		{3A220513-3E53-4E13-B25D-2202F79B4C47}.Debug|Any CPU.Build.0 = Debug|Any CPU
		{3A220513-3E53-4E13-B25D-2202F79B4C47}.net_4_0_Debug|Any CPU.ActiveCfg = Debug|Any CPU
		{3A220513-3E53-4E13-B25D-2202F79B4C47}.net_4_0_Debug|Any CPU.Build.0 = Debug|Any CPU
		{3A220513-3E53-4E13-B25D-2202F79B4C47}.net_4_0_Release|Any CPU.ActiveCfg = Release|Any CPU
		{3A220513-3E53-4E13-B25D-2202F79B4C47}.net_4_0_Release|Any CPU.Build.0 = Release|Any CPU
		{3A220513-3E53-4E13-B25D-2202F79B4C47}.Release|Any CPU.ActiveCfg = Release|Any CPU
		{3A220513-3E53-4E13-B25D-2202F79B4C47}.Release|Any CPU.Build.0 = Release|Any CPU
		{BDDBA1F9-061B-45BE-86B5-98571F7B0383}.Debug|Any CPU.ActiveCfg = Debug|Any CPU
		{BDDBA1F9-061B-45BE-86B5-98571F7B0383}.Debug|Any CPU.Build.0 = Debug|Any CPU
		{BDDBA1F9-061B-45BE-86B5-98571F7B0383}.net_4_0_Debug|Any CPU.ActiveCfg = Debug|Any CPU
		{BDDBA1F9-061B-45BE-86B5-98571F7B0383}.net_4_0_Debug|Any CPU.Build.0 = Debug|Any CPU
		{BDDBA1F9-061B-45BE-86B5-98571F7B0383}.net_4_0_Release|Any CPU.ActiveCfg = Release|Any CPU
		{BDDBA1F9-061B-45BE-86B5-98571F7B0383}.net_4_0_Release|Any CPU.Build.0 = Release|Any CPU
		{BDDBA1F9-061B-45BE-86B5-98571F7B0383}.Release|Any CPU.ActiveCfg = Release|Any CPU
		{BDDBA1F9-061B-45BE-86B5-98571F7B0383}.Release|Any CPU.Build.0 = Release|Any CPU
		{732905E1-1FD4-403A-93DD-EC4CF120091E}.Debug|Any CPU.ActiveCfg = Debug|Any CPU
		{732905E1-1FD4-403A-93DD-EC4CF120091E}.Debug|Any CPU.Build.0 = Debug|Any CPU
		{732905E1-1FD4-403A-93DD-EC4CF120091E}.net_4_0_Debug|Any CPU.ActiveCfg = Debug|Any CPU
		{732905E1-1FD4-403A-93DD-EC4CF120091E}.net_4_0_Debug|Any CPU.Build.0 = Debug|Any CPU
		{732905E1-1FD4-403A-93DD-EC4CF120091E}.net_4_0_Release|Any CPU.ActiveCfg = Release|Any CPU
		{732905E1-1FD4-403A-93DD-EC4CF120091E}.net_4_0_Release|Any CPU.Build.0 = Release|Any CPU
		{732905E1-1FD4-403A-93DD-EC4CF120091E}.Release|Any CPU.ActiveCfg = Release|Any CPU
		{732905E1-1FD4-403A-93DD-EC4CF120091E}.Release|Any CPU.Build.0 = Release|Any CPU
		{B8EA91A3-27A0-4732-BA90-7B590280FF9F}.Debug|Any CPU.ActiveCfg = Debug|Any CPU
		{B8EA91A3-27A0-4732-BA90-7B590280FF9F}.Debug|Any CPU.Build.0 = Debug|Any CPU
		{B8EA91A3-27A0-4732-BA90-7B590280FF9F}.net_4_0_Debug|Any CPU.ActiveCfg = Debug|Any CPU
		{B8EA91A3-27A0-4732-BA90-7B590280FF9F}.net_4_0_Debug|Any CPU.Build.0 = Debug|Any CPU
		{B8EA91A3-27A0-4732-BA90-7B590280FF9F}.net_4_0_Release|Any CPU.ActiveCfg = Release|Any CPU
		{B8EA91A3-27A0-4732-BA90-7B590280FF9F}.net_4_0_Release|Any CPU.Build.0 = Release|Any CPU
		{B8EA91A3-27A0-4732-BA90-7B590280FF9F}.Release|Any CPU.ActiveCfg = Release|Any CPU
		{B8EA91A3-27A0-4732-BA90-7B590280FF9F}.Release|Any CPU.Build.0 = Release|Any CPU
		{949C4D51-4581-402A-AC18-B1B41F395FDA}.Debug|Any CPU.ActiveCfg = Debug|Any CPU
		{949C4D51-4581-402A-AC18-B1B41F395FDA}.Debug|Any CPU.Build.0 = Debug|Any CPU
		{949C4D51-4581-402A-AC18-B1B41F395FDA}.net_4_0_Debug|Any CPU.ActiveCfg = Debug|Any CPU
		{949C4D51-4581-402A-AC18-B1B41F395FDA}.net_4_0_Debug|Any CPU.Build.0 = Debug|Any CPU
		{949C4D51-4581-402A-AC18-B1B41F395FDA}.net_4_0_Release|Any CPU.ActiveCfg = Release|Any CPU
		{949C4D51-4581-402A-AC18-B1B41F395FDA}.net_4_0_Release|Any CPU.Build.0 = Release|Any CPU
		{949C4D51-4581-402A-AC18-B1B41F395FDA}.Release|Any CPU.ActiveCfg = Release|Any CPU
		{949C4D51-4581-402A-AC18-B1B41F395FDA}.Release|Any CPU.Build.0 = Release|Any CPU
		{7FF6D373-551E-4C6B-98FA-D1D883FD2502}.Debug|Any CPU.ActiveCfg = Debug|Any CPU
		{7FF6D373-551E-4C6B-98FA-D1D883FD2502}.Debug|Any CPU.Build.0 = Debug|Any CPU
		{7FF6D373-551E-4C6B-98FA-D1D883FD2502}.net_4_0_Debug|Any CPU.ActiveCfg = Debug|Any CPU
		{7FF6D373-551E-4C6B-98FA-D1D883FD2502}.net_4_0_Debug|Any CPU.Build.0 = Debug|Any CPU
		{7FF6D373-551E-4C6B-98FA-D1D883FD2502}.net_4_0_Release|Any CPU.ActiveCfg = Release|Any CPU
		{7FF6D373-551E-4C6B-98FA-D1D883FD2502}.net_4_0_Release|Any CPU.Build.0 = Release|Any CPU
		{7FF6D373-551E-4C6B-98FA-D1D883FD2502}.Release|Any CPU.ActiveCfg = Release|Any CPU
		{7FF6D373-551E-4C6B-98FA-D1D883FD2502}.Release|Any CPU.Build.0 = Release|Any CPU
		{FC889577-F51A-469C-9F30-E967504E9E24}.Debug|Any CPU.ActiveCfg = Debug|Any CPU
		{FC889577-F51A-469C-9F30-E967504E9E24}.Debug|Any CPU.Build.0 = Debug|Any CPU
		{FC889577-F51A-469C-9F30-E967504E9E24}.net_4_0_Debug|Any CPU.ActiveCfg = Debug|Any CPU
		{FC889577-F51A-469C-9F30-E967504E9E24}.net_4_0_Debug|Any CPU.Build.0 = Debug|Any CPU
		{FC889577-F51A-469C-9F30-E967504E9E24}.net_4_0_Release|Any CPU.ActiveCfg = Release|Any CPU
		{FC889577-F51A-469C-9F30-E967504E9E24}.net_4_0_Release|Any CPU.Build.0 = Release|Any CPU
		{FC889577-F51A-469C-9F30-E967504E9E24}.Release|Any CPU.ActiveCfg = Release|Any CPU
		{FC889577-F51A-469C-9F30-E967504E9E24}.Release|Any CPU.Build.0 = Release|Any CPU
		{C0E9997F-EA91-4C7A-9702-5F8215574BCA}.Debug|Any CPU.ActiveCfg = Debug|Any CPU
		{C0E9997F-EA91-4C7A-9702-5F8215574BCA}.Debug|Any CPU.Build.0 = Debug|Any CPU
		{C0E9997F-EA91-4C7A-9702-5F8215574BCA}.net_4_0_Debug|Any CPU.ActiveCfg = Debug|Any CPU
		{C0E9997F-EA91-4C7A-9702-5F8215574BCA}.net_4_0_Debug|Any CPU.Build.0 = Debug|Any CPU
		{C0E9997F-EA91-4C7A-9702-5F8215574BCA}.net_4_0_Release|Any CPU.ActiveCfg = Release|Any CPU
		{C0E9997F-EA91-4C7A-9702-5F8215574BCA}.net_4_0_Release|Any CPU.Build.0 = Release|Any CPU
		{C0E9997F-EA91-4C7A-9702-5F8215574BCA}.Release|Any CPU.ActiveCfg = Release|Any CPU
		{C0E9997F-EA91-4C7A-9702-5F8215574BCA}.Release|Any CPU.Build.0 = Release|Any CPU
		{C57E2A54-3BBF-49D7-B3E5-688EE1F63250}.Debug|Any CPU.ActiveCfg = Debug|Any CPU
		{C57E2A54-3BBF-49D7-B3E5-688EE1F63250}.Debug|Any CPU.Build.0 = Debug|Any CPU
		{C57E2A54-3BBF-49D7-B3E5-688EE1F63250}.net_4_0_Debug|Any CPU.ActiveCfg = Debug|Any CPU
		{C57E2A54-3BBF-49D7-B3E5-688EE1F63250}.net_4_0_Debug|Any CPU.Build.0 = Debug|Any CPU
		{C57E2A54-3BBF-49D7-B3E5-688EE1F63250}.net_4_0_Release|Any CPU.ActiveCfg = Release|Any CPU
		{C57E2A54-3BBF-49D7-B3E5-688EE1F63250}.net_4_0_Release|Any CPU.Build.0 = Release|Any CPU
		{C57E2A54-3BBF-49D7-B3E5-688EE1F63250}.Release|Any CPU.ActiveCfg = Release|Any CPU
		{C57E2A54-3BBF-49D7-B3E5-688EE1F63250}.Release|Any CPU.Build.0 = Release|Any CPU
		{CC7BB0B5-094F-42F9-9CE7-1C33EF2B8A20}.Debug|Any CPU.ActiveCfg = Debug|Any CPU
		{CC7BB0B5-094F-42F9-9CE7-1C33EF2B8A20}.Debug|Any CPU.Build.0 = Debug|Any CPU
		{CC7BB0B5-094F-42F9-9CE7-1C33EF2B8A20}.net_4_0_Debug|Any CPU.ActiveCfg = Debug|Any CPU
		{CC7BB0B5-094F-42F9-9CE7-1C33EF2B8A20}.net_4_0_Debug|Any CPU.Build.0 = Debug|Any CPU
		{CC7BB0B5-094F-42F9-9CE7-1C33EF2B8A20}.net_4_0_Release|Any CPU.ActiveCfg = Release|Any CPU
		{CC7BB0B5-094F-42F9-9CE7-1C33EF2B8A20}.net_4_0_Release|Any CPU.Build.0 = Release|Any CPU
		{CC7BB0B5-094F-42F9-9CE7-1C33EF2B8A20}.Release|Any CPU.ActiveCfg = Release|Any CPU
		{CC7BB0B5-094F-42F9-9CE7-1C33EF2B8A20}.Release|Any CPU.Build.0 = Release|Any CPU
		{44885D5E-B99D-4C56-BC85-F652F11DABDC}.Debug|Any CPU.ActiveCfg = Debug|Any CPU
		{44885D5E-B99D-4C56-BC85-F652F11DABDC}.Debug|Any CPU.Build.0 = Debug|Any CPU
		{44885D5E-B99D-4C56-BC85-F652F11DABDC}.net_4_0_Debug|Any CPU.ActiveCfg = Debug|Any CPU
		{44885D5E-B99D-4C56-BC85-F652F11DABDC}.net_4_0_Debug|Any CPU.Build.0 = Debug|Any CPU
		{44885D5E-B99D-4C56-BC85-F652F11DABDC}.net_4_0_Release|Any CPU.ActiveCfg = Release|Any CPU
		{44885D5E-B99D-4C56-BC85-F652F11DABDC}.net_4_0_Release|Any CPU.Build.0 = Release|Any CPU
		{44885D5E-B99D-4C56-BC85-F652F11DABDC}.Release|Any CPU.ActiveCfg = Release|Any CPU
		{44885D5E-B99D-4C56-BC85-F652F11DABDC}.Release|Any CPU.Build.0 = Release|Any CPU
		{8DB890C9-F9B7-4BEA-9ADE-EF32391363C2}.Debug|Any CPU.ActiveCfg = Debug|Any CPU
		{8DB890C9-F9B7-4BEA-9ADE-EF32391363C2}.Debug|Any CPU.Build.0 = Debug|Any CPU
		{8DB890C9-F9B7-4BEA-9ADE-EF32391363C2}.net_4_0_Debug|Any CPU.ActiveCfg = Debug|Any CPU
		{8DB890C9-F9B7-4BEA-9ADE-EF32391363C2}.net_4_0_Debug|Any CPU.Build.0 = Debug|Any CPU
		{8DB890C9-F9B7-4BEA-9ADE-EF32391363C2}.net_4_0_Release|Any CPU.ActiveCfg = Release|Any CPU
		{8DB890C9-F9B7-4BEA-9ADE-EF32391363C2}.net_4_0_Release|Any CPU.Build.0 = Release|Any CPU
		{8DB890C9-F9B7-4BEA-9ADE-EF32391363C2}.Release|Any CPU.ActiveCfg = Release|Any CPU
		{8DB890C9-F9B7-4BEA-9ADE-EF32391363C2}.Release|Any CPU.Build.0 = Release|Any CPU
		{5446570C-A304-418D-B908-91ADA51E4F00}.Debug|Any CPU.ActiveCfg = Debug|Any CPU
		{5446570C-A304-418D-B908-91ADA51E4F00}.Debug|Any CPU.Build.0 = Debug|Any CPU
		{5446570C-A304-418D-B908-91ADA51E4F00}.net_4_0_Debug|Any CPU.ActiveCfg = Debug|Any CPU
		{5446570C-A304-418D-B908-91ADA51E4F00}.net_4_0_Debug|Any CPU.Build.0 = Debug|Any CPU
		{5446570C-A304-418D-B908-91ADA51E4F00}.net_4_0_Release|Any CPU.ActiveCfg = Release|Any CPU
		{5446570C-A304-418D-B908-91ADA51E4F00}.net_4_0_Release|Any CPU.Build.0 = Release|Any CPU
		{5446570C-A304-418D-B908-91ADA51E4F00}.Release|Any CPU.ActiveCfg = Release|Any CPU
		{5446570C-A304-418D-B908-91ADA51E4F00}.Release|Any CPU.Build.0 = Release|Any CPU
		{EEC7B836-DB9D-4CB3-9829-53C223C9411F}.Debug|Any CPU.ActiveCfg = Debug|Any CPU
		{EEC7B836-DB9D-4CB3-9829-53C223C9411F}.Debug|Any CPU.Build.0 = Debug|Any CPU
		{EEC7B836-DB9D-4CB3-9829-53C223C9411F}.net_4_0_Debug|Any CPU.ActiveCfg = Debug|Any CPU
		{EEC7B836-DB9D-4CB3-9829-53C223C9411F}.net_4_0_Debug|Any CPU.Build.0 = Debug|Any CPU
		{EEC7B836-DB9D-4CB3-9829-53C223C9411F}.net_4_0_Release|Any CPU.ActiveCfg = Release|Any CPU
		{EEC7B836-DB9D-4CB3-9829-53C223C9411F}.net_4_0_Release|Any CPU.Build.0 = Release|Any CPU
		{EEC7B836-DB9D-4CB3-9829-53C223C9411F}.Release|Any CPU.ActiveCfg = Release|Any CPU
		{EEC7B836-DB9D-4CB3-9829-53C223C9411F}.Release|Any CPU.Build.0 = Release|Any CPU
		{237A273E-BCAF-42DB-9DE5-1697B016C648}.Debug|Any CPU.ActiveCfg = Debug|Any CPU
		{237A273E-BCAF-42DB-9DE5-1697B016C648}.Debug|Any CPU.Build.0 = Debug|Any CPU
		{237A273E-BCAF-42DB-9DE5-1697B016C648}.net_4_0_Debug|Any CPU.ActiveCfg = Debug|Any CPU
		{237A273E-BCAF-42DB-9DE5-1697B016C648}.net_4_0_Debug|Any CPU.Build.0 = Debug|Any CPU
		{237A273E-BCAF-42DB-9DE5-1697B016C648}.net_4_0_Release|Any CPU.ActiveCfg = Release|Any CPU
		{237A273E-BCAF-42DB-9DE5-1697B016C648}.net_4_0_Release|Any CPU.Build.0 = Release|Any CPU
		{237A273E-BCAF-42DB-9DE5-1697B016C648}.Release|Any CPU.ActiveCfg = Release|Any CPU
		{237A273E-BCAF-42DB-9DE5-1697B016C648}.Release|Any CPU.Build.0 = Release|Any CPU
		{468F7043-C0D5-480F-88A1-A262EC324E5E}.Debug|Any CPU.ActiveCfg = Debug|Any CPU
		{468F7043-C0D5-480F-88A1-A262EC324E5E}.Debug|Any CPU.Build.0 = Debug|Any CPU
		{468F7043-C0D5-480F-88A1-A262EC324E5E}.net_4_0_Debug|Any CPU.ActiveCfg = Debug|Any CPU
		{468F7043-C0D5-480F-88A1-A262EC324E5E}.net_4_0_Debug|Any CPU.Build.0 = Debug|Any CPU
		{468F7043-C0D5-480F-88A1-A262EC324E5E}.net_4_0_Release|Any CPU.ActiveCfg = Release|Any CPU
		{468F7043-C0D5-480F-88A1-A262EC324E5E}.net_4_0_Release|Any CPU.Build.0 = Release|Any CPU
		{468F7043-C0D5-480F-88A1-A262EC324E5E}.Release|Any CPU.ActiveCfg = Release|Any CPU
		{468F7043-C0D5-480F-88A1-A262EC324E5E}.Release|Any CPU.Build.0 = Release|Any CPU
		{5D883285-903D-4FDB-9ED9-AB37AE9648F7}.Debug|Any CPU.ActiveCfg = Debug|Any CPU
		{5D883285-903D-4FDB-9ED9-AB37AE9648F7}.Debug|Any CPU.Build.0 = Debug|Any CPU
		{5D883285-903D-4FDB-9ED9-AB37AE9648F7}.net_4_0_Debug|Any CPU.ActiveCfg = Debug|Any CPU
		{5D883285-903D-4FDB-9ED9-AB37AE9648F7}.net_4_0_Release|Any CPU.ActiveCfg = Release|Any CPU
		{5D883285-903D-4FDB-9ED9-AB37AE9648F7}.Release|Any CPU.ActiveCfg = Release|Any CPU
		{5D883285-903D-4FDB-9ED9-AB37AE9648F7}.Release|Any CPU.Build.0 = Release|Any CPU
		{54625746-D966-4BC2-A465-8F0928A767E6}.Debug|Any CPU.ActiveCfg = Debug|Any CPU
		{54625746-D966-4BC2-A465-8F0928A767E6}.Debug|Any CPU.Build.0 = Debug|Any CPU
		{54625746-D966-4BC2-A465-8F0928A767E6}.net_4_0_Debug|Any CPU.ActiveCfg = Debug|Any CPU
		{54625746-D966-4BC2-A465-8F0928A767E6}.net_4_0_Debug|Any CPU.Build.0 = Debug|Any CPU
		{54625746-D966-4BC2-A465-8F0928A767E6}.net_4_0_Release|Any CPU.ActiveCfg = Release|Any CPU
		{54625746-D966-4BC2-A465-8F0928A767E6}.net_4_0_Release|Any CPU.Build.0 = Release|Any CPU
		{54625746-D966-4BC2-A465-8F0928A767E6}.Release|Any CPU.ActiveCfg = Release|Any CPU
		{54625746-D966-4BC2-A465-8F0928A767E6}.Release|Any CPU.Build.0 = Release|Any CPU
		{619CDBD4-D89E-47E1-9A82-0F194A665D48}.Debug|Any CPU.ActiveCfg = Debug|Any CPU
		{619CDBD4-D89E-47E1-9A82-0F194A665D48}.Debug|Any CPU.Build.0 = Debug|Any CPU
		{619CDBD4-D89E-47E1-9A82-0F194A665D48}.net_4_0_Debug|Any CPU.ActiveCfg = Debug|Any CPU
		{619CDBD4-D89E-47E1-9A82-0F194A665D48}.net_4_0_Debug|Any CPU.Build.0 = Debug|Any CPU
		{619CDBD4-D89E-47E1-9A82-0F194A665D48}.net_4_0_Release|Any CPU.ActiveCfg = Release|Any CPU
		{619CDBD4-D89E-47E1-9A82-0F194A665D48}.net_4_0_Release|Any CPU.Build.0 = Release|Any CPU
		{619CDBD4-D89E-47E1-9A82-0F194A665D48}.Release|Any CPU.ActiveCfg = Release|Any CPU
		{619CDBD4-D89E-47E1-9A82-0F194A665D48}.Release|Any CPU.Build.0 = Release|Any CPU
		{09CEA6B9-ABF3-419F-801D-F2F0B6375899}.Debug|Any CPU.ActiveCfg = Debug|Any CPU
		{09CEA6B9-ABF3-419F-801D-F2F0B6375899}.Debug|Any CPU.Build.0 = Debug|Any CPU
		{09CEA6B9-ABF3-419F-801D-F2F0B6375899}.net_4_0_Debug|Any CPU.ActiveCfg = Debug|Any CPU
		{09CEA6B9-ABF3-419F-801D-F2F0B6375899}.net_4_0_Debug|Any CPU.Build.0 = Debug|Any CPU
		{09CEA6B9-ABF3-419F-801D-F2F0B6375899}.net_4_0_Release|Any CPU.ActiveCfg = Release|Any CPU
		{09CEA6B9-ABF3-419F-801D-F2F0B6375899}.net_4_0_Release|Any CPU.Build.0 = Release|Any CPU
		{09CEA6B9-ABF3-419F-801D-F2F0B6375899}.Release|Any CPU.ActiveCfg = Release|Any CPU
		{09CEA6B9-ABF3-419F-801D-F2F0B6375899}.Release|Any CPU.Build.0 = Release|Any CPU
		{DEE05772-9951-48E4-B27A-2E671CECD331}.Debug|Any CPU.ActiveCfg = Debug|Any CPU
		{DEE05772-9951-48E4-B27A-2E671CECD331}.Debug|Any CPU.Build.0 = Debug|Any CPU
		{DEE05772-9951-48E4-B27A-2E671CECD331}.net_4_0_Debug|Any CPU.ActiveCfg = Debug|Any CPU
		{DEE05772-9951-48E4-B27A-2E671CECD331}.net_4_0_Debug|Any CPU.Build.0 = Debug|Any CPU
		{DEE05772-9951-48E4-B27A-2E671CECD331}.net_4_0_Release|Any CPU.ActiveCfg = Release|Any CPU
		{DEE05772-9951-48E4-B27A-2E671CECD331}.net_4_0_Release|Any CPU.Build.0 = Release|Any CPU
		{DEE05772-9951-48E4-B27A-2E671CECD331}.Release|Any CPU.ActiveCfg = Release|Any CPU
		{DEE05772-9951-48E4-B27A-2E671CECD331}.Release|Any CPU.Build.0 = Release|Any CPU
		{D68133BD-1E63-496E-9EDE-4FBDBF77B486}.Debug|Any CPU.ActiveCfg = net_4_0_Debug|Any CPU
		{D68133BD-1E63-496E-9EDE-4FBDBF77B486}.Debug|Any CPU.Build.0 = net_4_0_Debug|Any CPU
		{D68133BD-1E63-496E-9EDE-4FBDBF77B486}.net_4_0_Debug|Any CPU.ActiveCfg = net_4_0_Debug|Any CPU
		{D68133BD-1E63-496E-9EDE-4FBDBF77B486}.net_4_0_Debug|Any CPU.Build.0 = net_4_0_Debug|Any CPU
		{D68133BD-1E63-496E-9EDE-4FBDBF77B486}.net_4_0_Release|Any CPU.ActiveCfg = net_4_0_Release|Any CPU
		{D68133BD-1E63-496E-9EDE-4FBDBF77B486}.net_4_0_Release|Any CPU.Build.0 = net_4_0_Release|Any CPU
		{D68133BD-1E63-496E-9EDE-4FBDBF77B486}.Release|Any CPU.ActiveCfg = net_4_0_Release|Any CPU
		{D68133BD-1E63-496E-9EDE-4FBDBF77B486}.Release|Any CPU.Build.0 = net_4_0_Release|Any CPU
		{63E6915C-7EA4-4D76-AB28-0D7191EEA626}.Debug|Any CPU.ActiveCfg = net_4_0_Debug|Any CPU
		{63E6915C-7EA4-4D76-AB28-0D7191EEA626}.Debug|Any CPU.Build.0 = net_4_0_Debug|Any CPU
		{63E6915C-7EA4-4D76-AB28-0D7191EEA626}.net_4_0_Debug|Any CPU.ActiveCfg = net_4_0_Debug|Any CPU
		{63E6915C-7EA4-4D76-AB28-0D7191EEA626}.net_4_0_Debug|Any CPU.Build.0 = net_4_0_Debug|Any CPU
		{63E6915C-7EA4-4D76-AB28-0D7191EEA626}.net_4_0_Release|Any CPU.ActiveCfg = net_4_0_Release|Any CPU
		{63E6915C-7EA4-4D76-AB28-0D7191EEA626}.net_4_0_Release|Any CPU.Build.0 = net_4_0_Release|Any CPU
		{63E6915C-7EA4-4D76-AB28-0D7191EEA626}.Release|Any CPU.ActiveCfg = net_4_0_Release|Any CPU
		{63E6915C-7EA4-4D76-AB28-0D7191EEA626}.Release|Any CPU.Build.0 = net_4_0_Release|Any CPU
		{8559DD7F-A16F-46D0-A05A-9139FAEBA8FD}.Debug|Any CPU.ActiveCfg = net_4_0_Debug|Any CPU
		{8559DD7F-A16F-46D0-A05A-9139FAEBA8FD}.Debug|Any CPU.Build.0 = net_4_0_Debug|Any CPU
		{8559DD7F-A16F-46D0-A05A-9139FAEBA8FD}.net_4_0_Debug|Any CPU.ActiveCfg = net_4_0_Debug|Any CPU
		{8559DD7F-A16F-46D0-A05A-9139FAEBA8FD}.net_4_0_Debug|Any CPU.Build.0 = net_4_0_Debug|Any CPU
		{8559DD7F-A16F-46D0-A05A-9139FAEBA8FD}.net_4_0_Release|Any CPU.ActiveCfg = net_4_0_Release|Any CPU
		{8559DD7F-A16F-46D0-A05A-9139FAEBA8FD}.net_4_0_Release|Any CPU.Build.0 = net_4_0_Release|Any CPU
		{8559DD7F-A16F-46D0-A05A-9139FAEBA8FD}.Release|Any CPU.ActiveCfg = net_4_0_Release|Any CPU
		{8559DD7F-A16F-46D0-A05A-9139FAEBA8FD}.Release|Any CPU.Build.0 = net_4_0_Release|Any CPU
		{627AA224-D043-4CF4-A783-72546E6ACFDD}.Debug|Any CPU.ActiveCfg = Debug|Any CPU
		{627AA224-D043-4CF4-A783-72546E6ACFDD}.Debug|Any CPU.Build.0 = Debug|Any CPU
		{627AA224-D043-4CF4-A783-72546E6ACFDD}.net_4_0_Debug|Any CPU.ActiveCfg = Debug|Any CPU
		{627AA224-D043-4CF4-A783-72546E6ACFDD}.net_4_0_Debug|Any CPU.Build.0 = Debug|Any CPU
		{627AA224-D043-4CF4-A783-72546E6ACFDD}.net_4_0_Release|Any CPU.ActiveCfg = Release|Any CPU
		{627AA224-D043-4CF4-A783-72546E6ACFDD}.net_4_0_Release|Any CPU.Build.0 = Release|Any CPU
		{627AA224-D043-4CF4-A783-72546E6ACFDD}.Release|Any CPU.ActiveCfg = Release|Any CPU
		{627AA224-D043-4CF4-A783-72546E6ACFDD}.Release|Any CPU.Build.0 = Release|Any CPU
		{AF174688-A979-4B3C-BE21-1C1BE8A0358E}.Debug|Any CPU.ActiveCfg = Debug|Any CPU
		{AF174688-A979-4B3C-BE21-1C1BE8A0358E}.Debug|Any CPU.Build.0 = Debug|Any CPU
		{AF174688-A979-4B3C-BE21-1C1BE8A0358E}.net_4_0_Debug|Any CPU.ActiveCfg = Debug|Any CPU
		{AF174688-A979-4B3C-BE21-1C1BE8A0358E}.net_4_0_Debug|Any CPU.Build.0 = Debug|Any CPU
		{AF174688-A979-4B3C-BE21-1C1BE8A0358E}.net_4_0_Release|Any CPU.ActiveCfg = Release|Any CPU
		{AF174688-A979-4B3C-BE21-1C1BE8A0358E}.net_4_0_Release|Any CPU.Build.0 = Release|Any CPU
		{AF174688-A979-4B3C-BE21-1C1BE8A0358E}.Release|Any CPU.ActiveCfg = Release|Any CPU
		{AF174688-A979-4B3C-BE21-1C1BE8A0358E}.Release|Any CPU.Build.0 = Release|Any CPU
		{2262381F-297D-4AC7-8509-91DBF2429EB9}.Debug|Any CPU.ActiveCfg = Debug|Any CPU
		{2262381F-297D-4AC7-8509-91DBF2429EB9}.Debug|Any CPU.Build.0 = Debug|Any CPU
		{2262381F-297D-4AC7-8509-91DBF2429EB9}.net_4_0_Debug|Any CPU.ActiveCfg = Debug|Any CPU
		{2262381F-297D-4AC7-8509-91DBF2429EB9}.net_4_0_Debug|Any CPU.Build.0 = Debug|Any CPU
		{2262381F-297D-4AC7-8509-91DBF2429EB9}.net_4_0_Release|Any CPU.ActiveCfg = Release|Any CPU
		{2262381F-297D-4AC7-8509-91DBF2429EB9}.net_4_0_Release|Any CPU.Build.0 = Release|Any CPU
		{2262381F-297D-4AC7-8509-91DBF2429EB9}.Release|Any CPU.ActiveCfg = Release|Any CPU
		{2262381F-297D-4AC7-8509-91DBF2429EB9}.Release|Any CPU.Build.0 = Release|Any CPU
		{E95A3AB9-A303-4859-8BCA-458C79496548}.Debug|Any CPU.ActiveCfg = Debug|Any CPU
		{E95A3AB9-A303-4859-8BCA-458C79496548}.Debug|Any CPU.Build.0 = Debug|Any CPU
		{E95A3AB9-A303-4859-8BCA-458C79496548}.net_4_0_Debug|Any CPU.ActiveCfg = Debug|Any CPU
		{E95A3AB9-A303-4859-8BCA-458C79496548}.net_4_0_Debug|Any CPU.Build.0 = Debug|Any CPU
		{E95A3AB9-A303-4859-8BCA-458C79496548}.net_4_0_Release|Any CPU.ActiveCfg = Release|Any CPU
		{E95A3AB9-A303-4859-8BCA-458C79496548}.net_4_0_Release|Any CPU.Build.0 = Release|Any CPU
		{E95A3AB9-A303-4859-8BCA-458C79496548}.Release|Any CPU.ActiveCfg = Release|Any CPU
		{E95A3AB9-A303-4859-8BCA-458C79496548}.Release|Any CPU.Build.0 = Release|Any CPU
		{CD6818D5-B398-486C-B180-92A07B143AFD}.Debug|Any CPU.ActiveCfg = Debug|Any CPU
		{CD6818D5-B398-486C-B180-92A07B143AFD}.Debug|Any CPU.Build.0 = Debug|Any CPU
		{CD6818D5-B398-486C-B180-92A07B143AFD}.net_4_0_Debug|Any CPU.ActiveCfg = Debug|Any CPU
		{CD6818D5-B398-486C-B180-92A07B143AFD}.net_4_0_Debug|Any CPU.Build.0 = Debug|Any CPU
		{CD6818D5-B398-486C-B180-92A07B143AFD}.net_4_0_Release|Any CPU.ActiveCfg = Release|Any CPU
		{CD6818D5-B398-486C-B180-92A07B143AFD}.net_4_0_Release|Any CPU.Build.0 = Release|Any CPU
		{CD6818D5-B398-486C-B180-92A07B143AFD}.Release|Any CPU.ActiveCfg = Release|Any CPU
		{CD6818D5-B398-486C-B180-92A07B143AFD}.Release|Any CPU.Build.0 = Release|Any CPU
		{3C44DF79-3FEA-4F1D-8568-8744AD92E3F9}.Debug|Any CPU.ActiveCfg = Debug|Any CPU
		{3C44DF79-3FEA-4F1D-8568-8744AD92E3F9}.Debug|Any CPU.Build.0 = Debug|Any CPU
		{3C44DF79-3FEA-4F1D-8568-8744AD92E3F9}.net_4_0_Debug|Any CPU.ActiveCfg = Debug|Any CPU
		{3C44DF79-3FEA-4F1D-8568-8744AD92E3F9}.net_4_0_Debug|Any CPU.Build.0 = Debug|Any CPU
		{3C44DF79-3FEA-4F1D-8568-8744AD92E3F9}.net_4_0_Release|Any CPU.ActiveCfg = Release|Any CPU
		{3C44DF79-3FEA-4F1D-8568-8744AD92E3F9}.net_4_0_Release|Any CPU.Build.0 = Release|Any CPU
		{3C44DF79-3FEA-4F1D-8568-8744AD92E3F9}.Release|Any CPU.ActiveCfg = Release|Any CPU
		{3C44DF79-3FEA-4F1D-8568-8744AD92E3F9}.Release|Any CPU.Build.0 = Release|Any CPU
	EndGlobalSection
	GlobalSection(SolutionProperties) = preSolution
		HideSolutionNode = FALSE
	EndGlobalSection
	GlobalSection(NestedProjects) = preSolution
		{7A8D4AE7-66FA-42E0-BDCB-400D8E0ECFA6} = {7AECA932-F2A4-4B4B-8946-BAC2E13836ED}
		{DBA3E375-ADF4-4CA3-880F-AF02DD8D5E7E} = {7AECA932-F2A4-4B4B-8946-BAC2E13836ED}
		{3A220513-3E53-4E13-B25D-2202F79B4C47} = {7AECA932-F2A4-4B4B-8946-BAC2E13836ED}
		{BDDBA1F9-061B-45BE-86B5-98571F7B0383} = {7AECA932-F2A4-4B4B-8946-BAC2E13836ED}
		{732905E1-1FD4-403A-93DD-EC4CF120091E} = {7AECA932-F2A4-4B4B-8946-BAC2E13836ED}
		{B8EA91A3-27A0-4732-BA90-7B590280FF9F} = {7AECA932-F2A4-4B4B-8946-BAC2E13836ED}
		{949C4D51-4581-402A-AC18-B1B41F395FDA} = {7AECA932-F2A4-4B4B-8946-BAC2E13836ED}
		{7FF6D373-551E-4C6B-98FA-D1D883FD2502} = {7AECA932-F2A4-4B4B-8946-BAC2E13836ED}
		{FC889577-F51A-469C-9F30-E967504E9E24} = {7AECA932-F2A4-4B4B-8946-BAC2E13836ED}
		{C0E9997F-EA91-4C7A-9702-5F8215574BCA} = {7AECA932-F2A4-4B4B-8946-BAC2E13836ED}
		{C57E2A54-3BBF-49D7-B3E5-688EE1F63250} = {7AECA932-F2A4-4B4B-8946-BAC2E13836ED}
		{CC7BB0B5-094F-42F9-9CE7-1C33EF2B8A20} = {7AECA932-F2A4-4B4B-8946-BAC2E13836ED}
		{44885D5E-B99D-4C56-BC85-F652F11DABDC} = {7AECA932-F2A4-4B4B-8946-BAC2E13836ED}
		{8DB890C9-F9B7-4BEA-9ADE-EF32391363C2} = {7AECA932-F2A4-4B4B-8946-BAC2E13836ED}
		{5446570C-A304-418D-B908-91ADA51E4F00} = {7AECA932-F2A4-4B4B-8946-BAC2E13836ED}
		{EEC7B836-DB9D-4CB3-9829-53C223C9411F} = {7AECA932-F2A4-4B4B-8946-BAC2E13836ED}
		{237A273E-BCAF-42DB-9DE5-1697B016C648} = {7AECA932-F2A4-4B4B-8946-BAC2E13836ED}
		{468F7043-C0D5-480F-88A1-A262EC324E5E} = {7AECA932-F2A4-4B4B-8946-BAC2E13836ED}
		{5D883285-903D-4FDB-9ED9-AB37AE9648F7} = {7AECA932-F2A4-4B4B-8946-BAC2E13836ED}
		{54625746-D966-4BC2-A465-8F0928A767E6} = {7AECA932-F2A4-4B4B-8946-BAC2E13836ED}
		{619CDBD4-D89E-47E1-9A82-0F194A665D48} = {7AECA932-F2A4-4B4B-8946-BAC2E13836ED}
		{09CEA6B9-ABF3-419F-801D-F2F0B6375899} = {7AECA932-F2A4-4B4B-8946-BAC2E13836ED}
		{DEE05772-9951-48E4-B27A-2E671CECD331} = {7AECA932-F2A4-4B4B-8946-BAC2E13836ED}
		{D68133BD-1E63-496E-9EDE-4FBDBF77B486} = {10772645-2837-44B1-9CFA-51A0A5CAC635}
		{63E6915C-7EA4-4D76-AB28-0D7191EEA626} = {10772645-2837-44B1-9CFA-51A0A5CAC635}
		{8559DD7F-A16F-46D0-A05A-9139FAEBA8FD} = {10772645-2837-44B1-9CFA-51A0A5CAC635}
		{78A9515B-5113-43D0-B6F9-A487F3BA1DB2} = {A208E677-6A00-4F5C-A15B-5CCA90AB78FF}
		{BB2299A8-2C5F-4EFF-A9D9-3B84CB72D0CE} = {A208E677-6A00-4F5C-A15B-5CCA90AB78FF}
		{627AA224-D043-4CF4-A783-72546E6ACFDD} = {78A9515B-5113-43D0-B6F9-A487F3BA1DB2}
		{AF174688-A979-4B3C-BE21-1C1BE8A0358E} = {BB2299A8-2C5F-4EFF-A9D9-3B84CB72D0CE}
		{2262381F-297D-4AC7-8509-91DBF2429EB9} = {BB2299A8-2C5F-4EFF-A9D9-3B84CB72D0CE}
	EndGlobalSection
	GlobalSection(MonoDevelopProperties) = preSolution
		StartupItem = rules\Gendarme.Rules.Performance\Gendarme.Rules.Performance.csproj
		Policies = $0
		$0.ChangeLogPolicy = $1
		$1.UpdateMode = Nearest
		$1.MessageStyle = $2
		$2.LineAlign = 0
		$1.inheritsSet = Mono
		name = gendarme
	EndGlobalSection
EndGlobal
